
Microsoft Visual Studio Solution File, Format Version 12.00
# Visual Studio Version 16
VisualStudioVersion = 16.0.30523.141
MinimumVisualStudioVersion = 10.0.40219.1
Project("{FAE04EC0-301F-11D3-BF4B-00C04F79EFBC}") = "WindowsFormsApp1", "WindowsFormsApp1\WindowsFormsApp1.csproj", "{A5B04D94-019F-4775-AC68-D5C4E0663F0B}"
EndProject
Global
	GlobalSection(SolutionConfigurationPlatforms) = preSolution
		Debug|Any CPU = Debug|Any CPU
		Release|Any CPU = Release|Any CPU
	EndGlobalSection
	GlobalSection(ProjectConfigurationPlatforms) = postSolution
		{A5B04D94-019F-4775-AC68-D5C4E0663F0B}.Debug|Any CPU.ActiveCfg = Debug|Any CPU
		{A5B04D94-019F-4775-AC68-D5C4E0663F0B}.Debug|Any CPU.Build.0 = Debug|Any CPU
		{A5B04D94-019F-4775-AC68-D5C4E0663F0B}.Release|Any CPU.ActiveCfg = Release|Any CPU
		{A5B04D94-019F-4775-AC68-D5C4E0663F0B}.Release|Any CPU.Build.0 = Release|Any CPU
	EndGlobalSection
	GlobalSection(SolutionProperties) = preSolution
		HideSolutionNode = FALSE
	EndGlobalSection
	GlobalSection(ExtensibilityGlobals) = postSolution
		SolutionGuid = {5CFD53B3-A55F-4A79-B6D5-9C8F68C1016F}
	EndGlobalSection
EndGlobal
